// !$*UTF8*$!
{
	archiveVersion = 1;
	classes = {
	};
	objectVersion = 46;
	objects = {

/* Begin PBXBuildFile section */
		8E47467A1F54593000E4388A /* AppDelegate.swift in Sources */ = {isa = PBXBuildFile; fileRef = 8E4746791F54593000E4388A /* AppDelegate.swift */; };
		8E47467C1F54593000E4388A /* ViewController.swift in Sources */ = {isa = PBXBuildFile; fileRef = 8E47467B1F54593000E4388A /* ViewController.swift */; };
		8E47467F1F54593000E4388A /* Main.storyboard in Resources */ = {isa = PBXBuildFile; fileRef = 8E47467D1F54593000E4388A /* Main.storyboard */; };
		8E4746811F54593000E4388A /* Assets.xcassets in Resources */ = {isa = PBXBuildFile; fileRef = 8E4746801F54593000E4388A /* Assets.xcassets */; };
		8E4746841F54593000E4388A /* LaunchScreen.storyboard in Resources */ = {isa = PBXBuildFile; fileRef = 8E4746821F54593000E4388A /* LaunchScreen.storyboard */; };
		8E47468C1F545A8100E4388A /* InputViewController.swift in Sources */ = {isa = PBXBuildFile; fileRef = 8E47468B1F545A8100E4388A /* InputViewController.swift */; };
		8E47468E1F545DF300E4388A /* ResultViewController.swift in Sources */ = {isa = PBXBuildFile; fileRef = 8E47468D1F545DF300E4388A /* ResultViewController.swift */; };
/* End PBXBuildFile section */

/* Begin PBXFileReference section */
		8E4746761F54593000E4388A /* score.app */ = {isa = PBXFileReference; explicitFileType = wrapper.application; includeInIndex = 0; path = score.app; sourceTree = BUILT_PRODUCTS_DIR; };
		8E4746791F54593000E4388A /* AppDelegate.swift */ = {isa = PBXFileReference; lastKnownFileType = sourcecode.swift; path = AppDelegate.swift; sourceTree = "<group>"; };
		8E47467B1F54593000E4388A /* ViewController.swift */ = {isa = PBXFileReference; lastKnownFileType = sourcecode.swift; path = ViewController.swift; sourceTree = "<group>"; };
		8E47467E1F54593000E4388A /* Base */ = {isa = PBXFileReference; lastKnownFileType = file.storyboard; name = Base; path = Base.lproj/Main.storyboard; sourceTree = "<group>"; };
		8E4746801F54593000E4388A /* Assets.xcassets */ = {isa = PBXFileReference; lastKnownFileType = folder.assetcatalog; path = Assets.xcassets; sourceTree = "<group>"; };
		8E4746831F54593000E4388A /* Base */ = {isa = PBXFileReference; lastKnownFileType = file.storyboard; name = Base; path = Base.lproj/LaunchScreen.storyboard; sourceTree = "<group>"; };
		8E4746851F54593000E4388A /* Info.plist */ = {isa = PBXFileReference; lastKnownFileType = text.plist.xml; path = Info.plist; sourceTree = "<group>"; };
		8E47468B1F545A8100E4388A /* InputViewController.swift */ = {isa = PBXFileReference; fileEncoding = 4; lastKnownFileType = sourcecode.swift; path = InputViewController.swift; sourceTree = "<group>"; };
		8E47468D1F545DF300E4388A /* ResultViewController.swift */ = {isa = PBXFileReference; fileEncoding = 4; lastKnownFileType = sourcecode.swift; path = ResultViewController.swift; sourceTree = "<group>"; };
/* End PBXFileReference section */

/* Begin PBXFrameworksBuildPhase section */
		8E4746731F54593000E4388A /* Frameworks */ = {
			isa = PBXFrameworksBuildPhase;
			buildActionMask = 2147483647;
			files = (
			);
			runOnlyForDeploymentPostprocessing = 0;
		};
/* End PBXFrameworksBuildPhase section */

/* Begin PBXGroup section */
		8E47466D1F54593000E4388A = {
			isa = PBXGroup;
			children = (
				8E4746781F54593000E4388A /* score */,
				8E4746771F54593000E4388A /* Products */,
			);
			sourceTree = "<group>";
		};
		8E4746771F54593000E4388A /* Products */ = {
			isa = PBXGroup;
			children = (
				8E4746761F54593000E4388A /* score.app */,
			);
			name = Products;
			sourceTree = "<group>";
		};
		8E4746781F54593000E4388A /* score */ = {
			isa = PBXGroup;
			children = (
				8E4746791F54593000E4388A /* AppDelegate.swift */,
				8E47467B1F54593000E4388A /* ViewController.swift */,
				8E47467D1F54593000E4388A /* Main.storyboard */,
				8E47468D1F545DF300E4388A /* ResultViewController.swift */,
				8E47468B1F545A8100E4388A /* InputViewController.swift */,
				8E4746801F54593000E4388A /* Assets.xcassets */,
				8E4746821F54593000E4388A /* LaunchScreen.storyboard */,
				8E4746851F54593000E4388A /* Info.plist */,
			);
			path = score;
			sourceTree = "<group>";
		};
/* End PBXGroup section */

/* Begin PBXNativeTarget section */
		8E4746751F54593000E4388A /* score */ = {
			isa = PBXNativeTarget;
			buildConfigurationList = 8E4746881F54593000E4388A /* Build configuration list for PBXNativeTarget "score" */;
			buildPhases = (
				8E4746721F54593000E4388A /* Sources */,
				8E4746731F54593000E4388A /* Frameworks */,
				8E4746741F54593000E4388A /* Resources */,
			);
			buildRules = (
			);
			dependencies = (
			);
			name = score;
			productName = score;
			productReference = 8E4746761F54593000E4388A /* score.app */;
			productType = "com.apple.product-type.application";
		};
/* End PBXNativeTarget section */

/* Begin PBXProject section */
		8E47466E1F54593000E4388A /* Project object */ = {
			isa = PBXProject;
			attributes = {
				LastSwiftUpdateCheck = 0830;
				LastUpgradeCheck = 0830;
				ORGANIZATIONNAME = ynd;
				TargetAttributes = {
					8E4746751F54593000E4388A = {
						CreatedOnToolsVersion = 8.3.3;
						DevelopmentTeam = XK39Q23USR;
						ProvisioningStyle = Automatic;
					};
				};
			};
			buildConfigurationList = 8E4746711F54593000E4388A /* Build configuration list for PBXProject "score" */;
			compatibilityVersion = "Xcode 3.2";
			developmentRegion = English;
			hasScannedForEncodings = 0;
			knownRegions = (
				en,
				Base,
			);
			mainGroup = 8E47466D1F54593000E4388A;
			productRefGroup = 8E4746771F54593000E4388A /* Products */;
			projectDirPath = "";
			projectRoot = "";
			targets = (
				8E4746751F54593000E4388A /* score */,
			);
		};
/* End PBXProject section */

/* Begin PBXResourcesBuildPhase section */
		8E4746741F54593000E4388A /* Resources */ = {
			isa = PBXResourcesBuildPhase;
			buildActionMask = 2147483647;
			files = (
				8E4746841F54593000E4388A /* LaunchScreen.storyboard in Resources */,
				8E4746811F54593000E4388A /* Assets.xcassets in Resources */,
				8E47467F1F54593000E4388A /* Main.storyboard in Resources */,
			);
			runOnlyForDeploymentPostprocessing = 0;
		};
/* End PBXResourcesBuildPhase section */

/* Begin PBXSourcesBuildPhase section */
		8E4746721F54593000E4388A /* Sources */ = {
			isa = PBXSourcesBuildPhase;
			buildActionMask = 2147483647;
			files = (
				8E47468C1F545A8100E4388A /* InputViewController.swift in Sources */,
				8E47467C1F54593000E4388A /* ViewController.swift in Sources */,
				8E47467A1F54593000E4388A /* AppDelegate.swift in Sources */,
				8E47468E1F545DF300E4388A /* ResultViewController.swift in Sources */,
			);
			runOnlyForDeploymentPostprocessing = 0;
		};
/* End PBXSourcesBuildPhase section */

/* Begin PBXVariantGroup section */
		8E47467D1F54593000E4388A /* Main.storyboard */ = {
			isa = PBXVariantGroup;
			children = (
				8E47467E1F54593000E4388A /* Base */,
			);
			name = Main.storyboard;
			sourceTree = "<group>";
		};
		8E4746821F54593000E4388A /* LaunchScreen.storyboard */ = {
			isa = PBXVariantGroup;
			children = (
				8E4746831F54593000E4388A /* Base */,
			);
			name = LaunchScreen.storyboard;
			sourceTree = "<group>";
		};
/* End PBXVariantGroup section */

/* Begin XCBuildConfiguration section */
		8E4746861F54593000E4388A /* Debug */ = {
			isa = XCBuildConfiguration;
			buildSettings = {
				ALWAYS_SEARCH_USER_PATHS = NO;
				CLANG_ANALYZER_NONNULL = YES;
				CLANG_ANALYZER_NUMBER_OBJECT_CONVERSION = YES_AGGRESSIVE;
				CLANG_CXX_LANGUAGE_STANDARD = "gnu++0x";
				CLANG_CXX_LIBRARY = "libc++";
				CLANG_ENABLE_MODULES = YES;
				CLANG_ENABLE_OBJC_ARC = YES;
				CLANG_WARN_BOOL_CONVERSION = YES;
				CLANG_WARN_CONSTANT_CONVERSION = YES;
				CLANG_WARN_DIRECT_OBJC_ISA_USAGE = YES_ERROR;
				CLANG_WARN_DOCUMENTATION_COMMENTS = YES;
				CLANG_WARN_EMPTY_BODY = YES;
				CLANG_WARN_ENUM_CONVERSION = YES;
				CLANG_WARN_INFINITE_RECURSION = YES;
				CLANG_WARN_INT_CONVERSION = YES;
				CLANG_WARN_OBJC_ROOT_CLASS = YES_ERROR;
				CLANG_WARN_SUSPICIOUS_MOVE = YES;
				CLANG_WARN_UNREACHABLE_CODE = YES;
				CLANG_WARN__DUPLICATE_METHOD_MATCH = YES;
				"CODE_SIGN_IDENTITY[sdk=iphoneos*]" = "iPhone Developer";
				COPY_PHASE_STRIP = NO;
				DEBUG_INFORMATION_FORMAT = dwarf;
				ENABLE_STRICT_OBJC_MSGSEND = YES;
				ENABLE_TESTABILITY = YES;
				GCC_C_LANGUAGE_STANDARD = gnu99;
				GCC_DYNAMIC_NO_PIC = NO;
				GCC_NO_COMMON_BLOCKS = YES;
				GCC_OPTIMIZATION_LEVEL = 0;
				GCC_PREPROCESSOR_DEFINITIONS = (
					"DEBUG=1",
					"$(inherited)",
				);
				GCC_WARN_64_TO_32_BIT_CONVERSION = YES;
				GCC_WARN_ABOUT_RETURN_TYPE = YES_ERROR;
				GCC_WARN_UNDECLARED_SELECTOR = YES;
				GCC_WARN_UNINITIALIZED_AUTOS = YES_AGGRESSIVE;
				GCC_WARN_UNUSED_FUNCTION = YES;
				GCC_WARN_UNUSED_VARIABLE = YES;
				IPHONEOS_DEPLOYMENT_TARGET = 10.3;
				MTL_ENABLE_DEBUG_INFO = YES;
				ONLY_ACTIVE_ARCH = YES;
				SDKROOT = iphoneos;
				SWIFT_ACTIVE_COMPILATION_CONDITIONS = DEBUG;
				SWIFT_OPTIMIZATION_LEVEL = "-Onone";
				TARGETED_DEVICE_FAMILY = "1,2";
			};
			name = Debug;
		};
		8E4746871F54593000E4388A /* Release */ = {
			isa = XCBuildConfiguration;
			buildSettings = {
				ALWAYS_SEARCH_USER_PATHS = NO;
				CLANG_ANALYZER_NONNULL = YES;
				CLANG_ANALYZER_NUMBER_OBJECT_CONVERSION = YES_AGGRESSIVE;
				CLANG_CXX_LANGUAGE_STANDARD = "gnu++0x";
				CLANG_CXX_LIBRARY = "libc++";
				CLANG_ENABLE_MODULES = YES;
				CLANG_ENABLE_OBJC_ARC = YES;
				CLANG_WARN_BOOL_CONVERSION = YES;
				CLANG_WARN_CONSTANT_CONVERSION = YES;
				CLANG_WARN_DIRECT_OBJC_ISA_USAGE = YES_ERROR;
				CLANG_WARN_DOCUMENTATION_COMMENTS = YES;
				CLANG_WARN_EMPTY_BODY = YES;
				CLANG_WARN_ENUM_CONVERSION = YES;
				CLANG_WARN_INFINITE_RECURSION = YES;
				CLANG_WARN_INT_CONVERSION = YES;
				CLANG_WARN_OBJC_ROOT_CLASS = YES_ERROR;
				CLANG_WARN_SUSPICIOUS_MOVE = YES;
				CLANG_WARN_UNREACHABLE_CODE = YES;
				CLANG_WARN__DUPLICATE_METHOD_MATCH = YES;
				"CODE_SIGN_IDENTITY[sdk=iphoneos*]" = "iPhone Developer";
				COPY_PHASE_STRIP = NO;
				DEBUG_INFORMATION_FORMAT = "dwarf-with-dsym";
				ENABLE_NS_ASSERTIONS = NO;
				ENABLE_STRICT_OBJC_MSGSEND = YES;
				GCC_C_LANGUAGE_STANDARD = gnu99;
				GCC_NO_COMMON_BLOCKS = YES;
				GCC_WARN_64_TO_32_BIT_CONVERSION = YES;
				GCC_WARN_ABOUT_RETURN_TYPE = YES_ERROR;
				GCC_WARN_UNDECLARED_SELECTOR = YES;
				GCC_WARN_UNINITIALIZED_AUTOS = YES_AGGRESSIVE;
				GCC_WARN_UNUSED_FUNCTION = YES;
				GCC_WARN_UNUSED_VARIABLE = YES;
				IPHONEOS_DEPLOYMENT_TARGET = 10.3;
				MTL_ENABLE_DEBUG_INFO = NO;
				SDKROOT = iphoneos;
				SWIFT_OPTIMIZATION_LEVEL = "-Owholemodule";
				TARGETED_DEVICE_FAMILY = "1,2";
				VALIDATE_PRODUCT = YES;
			};
			name = Release;
		};
		8E4746891F54593000E4388A /* Debug */ = {
			isa = XCBuildConfiguration;
			buildSettings = {
				ASSETCATALOG_COMPILER_APPICON_NAME = AppIcon;
				DEVELOPMENT_TEAM = XK39Q23USR;
				INFOPLIST_FILE = score/Info.plist;
				LD_RUNPATH_SEARCH_PATHS = "$(inherited) @executable_path/Frameworks";
				PRODUCT_BUNDLE_IDENTIFIER = com.ynd.score;
				PRODUCT_NAME = "$(TARGET_NAME)";
				SWIFT_VERSION = 3.0;
			};
			name = Debug;
		};
		8E47468A1F54593000E4388A /* Release */ = {
			isa = XCBuildConfiguration;
			buildSettings = {
				ASSETCATALOG_COMPILER_APPICON_NAME = AppIcon;
				DEVELOPMENT_TEAM = XK39Q23USR;
				INFOPLIST_FILE = score/Info.plist;
				LD_RUNPATH_SEARCH_PATHS = "$(inherited) @executable_path/Frameworks";
				PRODUCT_BUNDLE_IDENTIFIER = com.ynd.score;
				PRODUCT_NAME = "$(TARGET_NAME)";
				SWIFT_VERSION = 3.0;
			};
			name = Release;
		};
/* End XCBuildConfiguration section */

/* Begin XCConfigurationList section */
		8E4746711F54593000E4388A /* Build configuration list for PBXProject "score" */ = {
			isa = XCConfigurationList;
			buildConfigurations = (
				8E4746861F54593000E4388A /* Debug */,
				8E4746871F54593000E4388A /* Release */,
			);
			defaultConfigurationIsVisible = 0;
			defaultConfigurationName = Release;
		};
		8E4746881F54593000E4388A /* Build configuration list for PBXNativeTarget "score" */ = {
			isa = XCConfigurationList;
			buildConfigurations = (
				8E4746891F54593000E4388A /* Debug */,
				8E47468A1F54593000E4388A /* Release */,
			);
			defaultConfigurationIsVisible = 0;
		};
/* End XCConfigurationList section */
	};
	rootObject = 8E47466E1F54593000E4388A /* Project object */;
}
